<Solution>
  <Folder Name="/src/">
    <Project Path="src/Euynac.Monica.GachaPool/Euynac.Monica.GachaPool.csproj" />
  </Folder>
  <Folder Name="/tests/">
    <Project Path="tests/Test.Euynac.Monica.GachaPool/Test.Euynac.Monica.GachaPool.csproj" />
  </Folder>
  <Folder Name="/samples/">
    <Project Path="samples/Euynac.Monica.GachaPool.Bridge/Euynac.Monica.GachaPool.Bridge.csproj" />
  </Folder>
</Solution>
